
Microsoft Visual Studio Solution File, Format Version 12.00
# Visual Studio 11
Project("{FAE04EC0-301F-11D3-BF4B-00C04F79EFBC}") = "WCFNetHttpServer", "WCFNetHttpServer\WCFNetHttpServer.csproj", "{AB371F38-1FCB-429B-BBD5-167B344B3196}"
EndProject
Project("{FAE04EC0-301F-11D3-BF4B-00C04F79EFBC}") = "WCFNetHttpClient", "WCFNetHttpClient\WCFNetHttpClient.csproj", "{9F22B64F-4AA4-40BB-80FB-9799D20C5970}"
	ProjectSection(ProjectDependencies) = postProject
		{AB371F38-1FCB-429B-BBD5-167B344B3196} = {AB371F38-1FCB-429B-BBD5-167B344B3196}
	EndProjectSection
EndProject
Global
	GlobalSection(SolutionConfigurationPlatforms) = preSolution
		Debug|Any CPU = Debug|Any CPU
		Release|Any CPU = Release|Any CPU
	EndGlobalSection
	GlobalSection(ProjectConfigurationPlatforms) = postSolution
		{9F22B64F-4AA4-40BB-80FB-9799D20C5970}.Debug|Any CPU.ActiveCfg = Debug|Any CPU
		{9F22B64F-4AA4-40BB-80FB-9799D20C5970}.Debug|Any CPU.Build.0 = Debug|Any CPU
		{9F22B64F-4AA4-40BB-80FB-9799D20C5970}.Release|Any CPU.ActiveCfg = Release|Any CPU
		{9F22B64F-4AA4-40BB-80FB-9799D20C5970}.Release|Any CPU.Build.0 = Release|Any CPU
		{AB371F38-1FCB-429B-BBD5-167B344B3196}.Debug|Any CPU.ActiveCfg = Debug|Any CPU
		{AB371F38-1FCB-429B-BBD5-167B344B3196}.Debug|Any CPU.Build.0 = Debug|Any CPU
		{AB371F38-1FCB-429B-BBD5-167B344B3196}.Release|Any CPU.ActiveCfg = Release|Any CPU
		{AB371F38-1FCB-429B-BBD5-167B344B3196}.Release|Any CPU.Build.0 = Release|Any CPU
	EndGlobalSection
	GlobalSection(SolutionProperties) = preSolution
		HideSolutionNode = FALSE
	EndGlobalSection
EndGlobal
